PODS:
  - KIF (3.6.0):
    - KIF/Core (= 3.6.0)
  - KIF/Core (3.6.0)

DEPENDENCIES:
  - KIF

SPEC REPOS:
  https://github.com/CocoaPods/Specs.git:
    - KIF

SPEC CHECKSUMS:
  KIF: bd770edd8ce49bc7308501e4871e58a02d137be3

PODFILE CHECKSUM: 3ab304342551c115dc715e0f1915a94c7192e27c

COCOAPODS: 1.5.0
