// !$*UTF8*$!
{
	archiveVersion = 1;
	classes = {
	};
	objectVersion = 52;
	objects = {

/* Begin PBXBuildFile section */
		91CFF11923AAE0A000DEF97D /* GridLayout in Frameworks */ = {isa = PBXBuildFile; productRef = 91CFF11823AAE0A000DEF97D /* GridLayout */; };
		91E99B6923A849210038DAEA /* AppDelegate.swift in Sources */ = {isa = PBXBuildFile; fileRef = 91E99B6823A849210038DAEA /* AppDelegate.swift */; };
		91E99B6B23A849210038DAEA /* SceneDelegate.swift in Sources */ = {isa = PBXBuildFile; fileRef = 91E99B6A23A849210038DAEA /* SceneDelegate.swift */; };
		91E99B6D23A849210038DAEA /* ViewController.swift in Sources */ = {isa = PBXBuildFile; fileRef = 91E99B6C23A849210038DAEA /* ViewController.swift */; };
		91E99B7023A849210038DAEA /* Main.storyboard in Resources */ = {isa = PBXBuildFile; fileRef = 91E99B6E23A849210038DAEA /* Main.storyboard */; };
		91E99B7223A849230038DAEA /* Assets.xcassets in Resources */ = {isa = PBXBuildFile; fileRef = 91E99B7123A849230038DAEA /* Assets.xcassets */; };
		91E99B7523A849230038DAEA /* LaunchScreen.storyboard in Resources */ = {isa = PBXBuildFile; fileRef = 91E99B7323A849230038DAEA /* LaunchScreen.storyboard */; };
		91E99BA923A849940038DAEA /* GridLayoutTests1x1.swift in Sources */ = {isa = PBXBuildFile; fileRef = 91E99BA023A849940038DAEA /* GridLayoutTests1x1.swift */; };
		91E99BAA23A849940038DAEA /* GridLayoutTestsBase.swift in Sources */ = {isa = PBXBuildFile; fileRef = 91E99BA123A849940038DAEA /* GridLayoutTestsBase.swift */; };
		91E99BAB23A849940038DAEA /* GridLayoutTestsAutoRows.swift in Sources */ = {isa = PBXBuildFile; fileRef = 91E99BA223A849940038DAEA /* GridLayoutTestsAutoRows.swift */; };
		91E99BAC23A849940038DAEA /* GridLayoutTests2x1.swift in Sources */ = {isa = PBXBuildFile; fileRef = 91E99BA323A849940038DAEA /* GridLayoutTests2x1.swift */; };
		91E99BAD23A849940038DAEA /* GridLayoutTests3x1.swift in Sources */ = {isa = PBXBuildFile; fileRef = 91E99BA423A849940038DAEA /* GridLayoutTests3x1.swift */; };
		91E99BAE23A849940038DAEA /* GridLayoutTestsBasic.swift in Sources */ = {isa = PBXBuildFile; fileRef = 91E99BA523A849940038DAEA /* GridLayoutTestsBasic.swift */; };
		91E99BAF23A849940038DAEA /* GridLayoutTests2x2.swift in Sources */ = {isa = PBXBuildFile; fileRef = 91E99BA623A849940038DAEA /* GridLayoutTests2x2.swift */; };
		91E99BB023A849940038DAEA /* GridLayoutTests3x3.swift in Sources */ = {isa = PBXBuildFile; fileRef = 91E99BA723A849940038DAEA /* GridLayoutTests3x3.swift */; };
		91E99BB123A849940038DAEA /* GridLayoutTestsInsideGrid.swift in Sources */ = {isa = PBXBuildFile; fileRef = 91E99BA823A849940038DAEA /* GridLayoutTestsInsideGrid.swift */; };
/* End PBXBuildFile section */

/* Begin PBXContainerItemProxy section */
		91E99B7C23A849230038DAEA /* PBXContainerItemProxy */ = {
			isa = PBXContainerItemProxy;
			containerPortal = 91E99B5D23A849210038DAEA /* Project object */;
			proxyType = 1;
			remoteGlobalIDString = 91E99B6423A849210038DAEA;
			remoteInfo = Sample;
		};
/* End PBXContainerItemProxy section */

/* Begin PBXFileReference section */
		91E99B6523A849210038DAEA /* Sample.app */ = {isa = PBXFileReference; explicitFileType = wrapper.application; includeInIndex = 0; path = Sample.app; sourceTree = BUILT_PRODUCTS_DIR; };
		91E99B6823A849210038DAEA /* AppDelegate.swift */ = {isa = PBXFileReference; lastKnownFileType = sourcecode.swift; path = AppDelegate.swift; sourceTree = "<group>"; };
		91E99B6A23A849210038DAEA /* SceneDelegate.swift */ = {isa = PBXFileReference; lastKnownFileType = sourcecode.swift; path = SceneDelegate.swift; sourceTree = "<group>"; };
		91E99B6C23A849210038DAEA /* ViewController.swift */ = {isa = PBXFileReference; lastKnownFileType = sourcecode.swift; path = ViewController.swift; sourceTree = "<group>"; };
		91E99B6F23A849210038DAEA /* Base */ = {isa = PBXFileReference; lastKnownFileType = file.storyboard; name = Base; path = Base.lproj/Main.storyboard; sourceTree = "<group>"; };
		91E99B7123A849230038DAEA /* Assets.xcassets */ = {isa = PBXFileReference; lastKnownFileType = folder.assetcatalog; path = Assets.xcassets; sourceTree = "<group>"; };
		91E99B7423A849230038DAEA /* Base */ = {isa = PBXFileReference; lastKnownFileType = file.storyboard; name = Base; path = Base.lproj/LaunchScreen.storyboard; sourceTree = "<group>"; };
		91E99B7623A849230038DAEA /* Info.plist */ = {isa = PBXFileReference; lastKnownFileType = text.plist.xml; path = Info.plist; sourceTree = "<group>"; };
		91E99B7B23A849230038DAEA /* SampleTests.xctest */ = {isa = PBXFileReference; explicitFileType = wrapper.cfbundle; includeInIndex = 0; path = SampleTests.xctest; sourceTree = BUILT_PRODUCTS_DIR; };
		91E99B8123A849230038DAEA /* Info.plist */ = {isa = PBXFileReference; lastKnownFileType = text.plist.xml; path = Info.plist; sourceTree = "<group>"; };
		91E99B9F23A849930038DAEA /* SampleTests-Bridging-Header.h */ = {isa = PBXFileReference; lastKnownFileType = sourcecode.c.h; path = "SampleTests-Bridging-Header.h"; sourceTree = "<group>"; };
		91E99BA023A849940038DAEA /* GridLayoutTests1x1.swift */ = {isa = PBXFileReference; fileEncoding = 4; lastKnownFileType = sourcecode.swift; path = GridLayoutTests1x1.swift; sourceTree = "<group>"; };
		91E99BA123A849940038DAEA /* GridLayoutTestsBase.swift */ = {isa = PBXFileReference; fileEncoding = 4; lastKnownFileType = sourcecode.swift; path = GridLayoutTestsBase.swift; sourceTree = "<group>"; };
		91E99BA223A849940038DAEA /* GridLayoutTestsAutoRows.swift */ = {isa = PBXFileReference; fileEncoding = 4; lastKnownFileType = sourcecode.swift; path = GridLayoutTestsAutoRows.swift; sourceTree = "<group>"; };
		91E99BA323A849940038DAEA /* GridLayoutTests2x1.swift */ = {isa = PBXFileReference; fileEncoding = 4; lastKnownFileType = sourcecode.swift; path = GridLayoutTests2x1.swift; sourceTree = "<group>"; };
		91E99BA423A849940038DAEA /* GridLayoutTests3x1.swift */ = {isa = PBXFileReference; fileEncoding = 4; lastKnownFileType = sourcecode.swift; path = GridLayoutTests3x1.swift; sourceTree = "<group>"; };
		91E99BA523A849940038DAEA /* GridLayoutTestsBasic.swift */ = {isa = PBXFileReference; fileEncoding = 4; lastKnownFileType = sourcecode.swift; path = GridLayoutTestsBasic.swift; sourceTree = "<group>"; };
		91E99BA623A849940038DAEA /* GridLayoutTests2x2.swift */ = {isa = PBXFileReference; fileEncoding = 4; lastKnownFileType = sourcecode.swift; path = GridLayoutTests2x2.swift; sourceTree = "<group>"; };
		91E99BA723A849940038DAEA /* GridLayoutTests3x3.swift */ = {isa = PBXFileReference; fileEncoding = 4; lastKnownFileType = sourcecode.swift; path = GridLayoutTests3x3.swift; sourceTree = "<group>"; };
		91E99BA823A849940038DAEA /* GridLayoutTestsInsideGrid.swift */ = {isa = PBXFileReference; fileEncoding = 4; lastKnownFileType = sourcecode.swift; path = GridLayoutTestsInsideGrid.swift; sourceTree = "<group>"; };
/* End PBXFileReference section */

/* Begin PBXFrameworksBuildPhase section */
		91E99B6223A849210038DAEA /* Frameworks */ = {
			isa = PBXFrameworksBuildPhase;
			buildActionMask = 2147483647;
			files = (
				91CFF11923AAE0A000DEF97D /* GridLayout in Frameworks */,
			);
			runOnlyForDeploymentPostprocessing = 0;
		};
		91E99B7823A849230038DAEA /* Frameworks */ = {
			isa = PBXFrameworksBuildPhase;
			buildActionMask = 2147483647;
			files = (
			);
			runOnlyForDeploymentPostprocessing = 0;
		};
/* End PBXFrameworksBuildPhase section */

/* Begin PBXGroup section */
		91E99B5C23A849210038DAEA = {
			isa = PBXGroup;
			children = (
				91E99B6723A849210038DAEA /* Sample */,
				91E99B7E23A849230038DAEA /* SampleTests */,
				91E99B6623A849210038DAEA /* Products */,
				91E99B8A23A849320038DAEA /* Frameworks */,
			);
			sourceTree = "<group>";
		};
		91E99B6623A849210038DAEA /* Products */ = {
			isa = PBXGroup;
			children = (
				91E99B6523A849210038DAEA /* Sample.app */,
				91E99B7B23A849230038DAEA /* SampleTests.xctest */,
			);
			name = Products;
			sourceTree = "<group>";
		};
		91E99B6723A849210038DAEA /* Sample */ = {
			isa = PBXGroup;
			children = (
				91E99B6823A849210038DAEA /* AppDelegate.swift */,
				91E99B6A23A849210038DAEA /* SceneDelegate.swift */,
				91E99B6C23A849210038DAEA /* ViewController.swift */,
				91E99B6E23A849210038DAEA /* Main.storyboard */,
				91E99B7123A849230038DAEA /* Assets.xcassets */,
				91E99B7323A849230038DAEA /* LaunchScreen.storyboard */,
				91E99B7623A849230038DAEA /* Info.plist */,
			);
			path = Sample;
			sourceTree = "<group>";
		};
		91E99B7E23A849230038DAEA /* SampleTests */ = {
			isa = PBXGroup;
			children = (
				91E99BA023A849940038DAEA /* GridLayoutTests1x1.swift */,
				91E99BA323A849940038DAEA /* GridLayoutTests2x1.swift */,
				91E99BA623A849940038DAEA /* GridLayoutTests2x2.swift */,
				91E99BA423A849940038DAEA /* GridLayoutTests3x1.swift */,
				91E99BA723A849940038DAEA /* GridLayoutTests3x3.swift */,
				91E99BA223A849940038DAEA /* GridLayoutTestsAutoRows.swift */,
				91E99BA123A849940038DAEA /* GridLayoutTestsBase.swift */,
				91E99BA523A849940038DAEA /* GridLayoutTestsBasic.swift */,
				91E99BA823A849940038DAEA /* GridLayoutTestsInsideGrid.swift */,
				91E99B8123A849230038DAEA /* Info.plist */,
				91E99B9F23A849930038DAEA /* SampleTests-Bridging-Header.h */,
			);
			path = SampleTests;
			sourceTree = "<group>";
		};
		91E99B8A23A849320038DAEA /* Frameworks */ = {
			isa = PBXGroup;
			children = (
			);
			name = Frameworks;
			sourceTree = "<group>";
		};
/* End PBXGroup section */

/* Begin PBXNativeTarget section */
		91E99B6423A849210038DAEA /* Sample */ = {
			isa = PBXNativeTarget;
			buildConfigurationList = 91E99B8423A849230038DAEA /* Build configuration list for PBXNativeTarget "Sample" */;
			buildPhases = (
				91E99B6123A849210038DAEA /* Sources */,
				91E99B6223A849210038DAEA /* Frameworks */,
				91E99B6323A849210038DAEA /* Resources */,
			);
			buildRules = (
			);
			dependencies = (
			);
			name = Sample;
			packageProductDependencies = (
				91CFF11823AAE0A000DEF97D /* GridLayout */,
			);
			productName = Sample;
			productReference = 91E99B6523A849210038DAEA /* Sample.app */;
			productType = "com.apple.product-type.application";
		};
		91E99B7A23A849230038DAEA /* SampleTests */ = {
			isa = PBXNativeTarget;
			buildConfigurationList = 91E99B8723A849230038DAEA /* Build configuration list for PBXNativeTarget "SampleTests" */;
			buildPhases = (
				91E99B7723A849230038DAEA /* Sources */,
				91E99B7823A849230038DAEA /* Frameworks */,
				91E99B7923A849230038DAEA /* Resources */,
			);
			buildRules = (
			);
			dependencies = (
				91E99B7D23A849230038DAEA /* PBXTargetDependency */,
			);
			name = SampleTests;
			productName = SampleTests;
			productReference = 91E99B7B23A849230038DAEA /* SampleTests.xctest */;
			productType = "com.apple.product-type.bundle.unit-test";
		};
/* End PBXNativeTarget section */

/* Begin PBXProject section */
		91E99B5D23A849210038DAEA /* Project object */ = {
			isa = PBXProject;
			attributes = {
				LastSwiftUpdateCheck = 1120;
				LastUpgradeCheck = 1120;
				ORGANIZATIONNAME = "Mihai Mihaila";
				TargetAttributes = {
					91E99B6423A849210038DAEA = {
						CreatedOnToolsVersion = 11.2.1;
					};
					91E99B7A23A849230038DAEA = {
						CreatedOnToolsVersion = 11.2.1;
						LastSwiftMigration = 1120;
						TestTargetID = 91E99B6423A849210038DAEA;
					};
				};
			};
			buildConfigurationList = 91E99B6023A849210038DAEA /* Build configuration list for PBXProject "Sample" */;
			compatibilityVersion = "Xcode 9.3";
			developmentRegion = en;
			hasScannedForEncodings = 0;
			knownRegions = (
				en,
				Base,
			);
			mainGroup = 91E99B5C23A849210038DAEA;
			productRefGroup = 91E99B6623A849210038DAEA /* Products */;
			projectDirPath = "";
			projectRoot = "";
			targets = (
				91E99B6423A849210038DAEA /* Sample */,
				91E99B7A23A849230038DAEA /* SampleTests */,
			);
		};
/* End PBXProject section */

/* Begin PBXResourcesBuildPhase section */
		91E99B6323A849210038DAEA /* Resources */ = {
			isa = PBXResourcesBuildPhase;
			buildActionMask = 2147483647;
			files = (
				91E99B7523A849230038DAEA /* LaunchScreen.storyboard in Resources */,
				91E99B7223A849230038DAEA /* Assets.xcassets in Resources */,
				91E99B7023A849210038DAEA /* Main.storyboard in Resources */,
			);
			runOnlyForDeploymentPostprocessing = 0;
		};
		91E99B7923A849230038DAEA /* Resources */ = {
			isa = PBXResourcesBuildPhase;
			buildActionMask = 2147483647;
			files = (
			);
			runOnlyForDeploymentPostprocessing = 0;
		};
/* End PBXResourcesBuildPhase section */

/* Begin PBXSourcesBuildPhase section */
		91E99B6123A849210038DAEA /* Sources */ = {
			isa = PBXSourcesBuildPhase;
			buildActionMask = 2147483647;
			files = (
				91E99B6D23A849210038DAEA /* ViewController.swift in Sources */,
				91E99B6923A849210038DAEA /* AppDelegate.swift in Sources */,
				91E99B6B23A849210038DAEA /* SceneDelegate.swift in Sources */,
			);
			runOnlyForDeploymentPostprocessing = 0;
		};
		91E99B7723A849230038DAEA /* Sources */ = {
			isa = PBXSourcesBuildPhase;
			buildActionMask = 2147483647;
			files = (
				91E99BB023A849940038DAEA /* GridLayoutTests3x3.swift in Sources */,
				91E99BAA23A849940038DAEA /* GridLayoutTestsBase.swift in Sources */,
				91E99BAD23A849940038DAEA /* GridLayoutTests3x1.swift in Sources */,
				91E99BAF23A849940038DAEA /* GridLayoutTests2x2.swift in Sources */,
				91E99BB123A849940038DAEA /* GridLayoutTestsInsideGrid.swift in Sources */,
				91E99BAE23A849940038DAEA /* GridLayoutTestsBasic.swift in Sources */,
				91E99BAC23A849940038DAEA /* GridLayoutTests2x1.swift in Sources */,
				91E99BA923A849940038DAEA /* GridLayoutTests1x1.swift in Sources */,
				91E99BAB23A849940038DAEA /* GridLayoutTestsAutoRows.swift in Sources */,
			);
			runOnlyForDeploymentPostprocessing = 0;
		};
/* End PBXSourcesBuildPhase section */

/* Begin PBXTargetDependency section */
		91E99B7D23A849230038DAEA /* PBXTargetDependency */ = {
			isa = PBXTargetDependency;
			target = 91E99B6423A849210038DAEA /* Sample */;
			targetProxy = 91E99B7C23A849230038DAEA /* PBXContainerItemProxy */;
		};
/* End PBXTargetDependency section */

/* Begin PBXVariantGroup section */
		91E99B6E23A849210038DAEA /* Main.storyboard */ = {
			isa = PBXVariantGroup;
			children = (
				91E99B6F23A849210038DAEA /* Base */,
			);
			name = Main.storyboard;
			sourceTree = "<group>";
		};
		91E99B7323A849230038DAEA /* LaunchScreen.storyboard */ = {
			isa = PBXVariantGroup;
			children = (
				91E99B7423A849230038DAEA /* Base */,
			);
			name = LaunchScreen.storyboard;
			sourceTree = "<group>";
		};
/* End PBXVariantGroup section */

/* Begin XCBuildConfiguration section */
		91E99B8223A849230038DAEA /* Debug */ = {
			isa = XCBuildConfiguration;
			buildSettings = {
				ALWAYS_SEARCH_USER_PATHS = NO;
				CLANG_ANALYZER_NONNULL = YES;
				CLANG_ANALYZER_NUMBER_OBJECT_CONVERSION = YES_AGGRESSIVE;
				CLANG_CXX_LANGUAGE_STANDARD = "gnu++14";
				CLANG_CXX_LIBRARY = "libc++";
				CLANG_ENABLE_MODULES = YES;
				CLANG_ENABLE_OBJC_ARC = YES;
				CLANG_ENABLE_OBJC_WEAK = YES;
				CLANG_WARN_BLOCK_CAPTURE_AUTORELEASING = YES;
				CLANG_WARN_BOOL_CONVERSION = YES;
				CLANG_WARN_COMMA = YES;
				CLANG_WARN_CONSTANT_CONVERSION = YES;
				CLANG_WARN_DEPRECATED_OBJC_IMPLEMENTATIONS = YES;
				CLANG_WARN_DIRECT_OBJC_ISA_USAGE = YES_ERROR;
				CLANG_WARN_DOCUMENTATION_COMMENTS = YES;
				CLANG_WARN_EMPTY_BODY = YES;
				CLANG_WARN_ENUM_CONVERSION = YES;
				CLANG_WARN_INFINITE_RECURSION = YES;
				CLANG_WARN_INT_CONVERSION = YES;
				CLANG_WARN_NON_LITERAL_NULL_CONVERSION = YES;
				CLANG_WARN_OBJC_IMPLICIT_RETAIN_SELF = YES;
				CLANG_WARN_OBJC_LITERAL_CONVERSION = YES;
				CLANG_WARN_OBJC_ROOT_CLASS = YES_ERROR;
				CLANG_WARN_RANGE_LOOP_ANALYSIS = YES;
				CLANG_WARN_STRICT_PROTOTYPES = YES;
				CLANG_WARN_SUSPICIOUS_MOVE = YES;
				CLANG_WARN_UNGUARDED_AVAILABILITY = YES_AGGRESSIVE;
				CLANG_WARN_UNREACHABLE_CODE = YES;
				CLANG_WARN__DUPLICATE_METHOD_MATCH = YES;
				COPY_PHASE_STRIP = NO;
				DEBUG_INFORMATION_FORMAT = dwarf;
				ENABLE_STRICT_OBJC_MSGSEND = YES;
				ENABLE_TESTABILITY = YES;
				GCC_C_LANGUAGE_STANDARD = gnu11;
				GCC_DYNAMIC_NO_PIC = NO;
				GCC_NO_COMMON_BLOCKS = YES;
				GCC_OPTIMIZATION_LEVEL = 0;
				GCC_PREPROCESSOR_DEFINITIONS = (
					"DEBUG=1",
					"$(inherited)",
				);
				GCC_WARN_64_TO_32_BIT_CONVERSION = YES;
				GCC_WARN_ABOUT_RETURN_TYPE = YES_ERROR;
				GCC_WARN_UNDECLARED_SELECTOR = YES;
				GCC_WARN_UNINITIALIZED_AUTOS = YES_AGGRESSIVE;
				GCC_WARN_UNUSED_FUNCTION = YES;
				GCC_WARN_UNUSED_VARIABLE = YES;
				IPHONEOS_DEPLOYMENT_TARGET = 13.2;
				MTL_ENABLE_DEBUG_INFO = INCLUDE_SOURCE;
				MTL_FAST_MATH = YES;
				ONLY_ACTIVE_ARCH = YES;
				SDKROOT = iphoneos;
				SWIFT_ACTIVE_COMPILATION_CONDITIONS = DEBUG;
				SWIFT_OPTIMIZATION_LEVEL = "-Onone";
			};
			name = Debug;
		};
		91E99B8323A849230038DAEA /* Release */ = {
			isa = XCBuildConfiguration;
			buildSettings = {
				ALWAYS_SEARCH_USER_PATHS = NO;
				CLANG_ANALYZER_NONNULL = YES;
				CLANG_ANALYZER_NUMBER_OBJECT_CONVERSION = YES_AGGRESSIVE;
				CLANG_CXX_LANGUAGE_STANDARD = "gnu++14";
				CLANG_CXX_LIBRARY = "libc++";
				CLANG_ENABLE_MODULES = YES;
				CLANG_ENABLE_OBJC_ARC = YES;
				CLANG_ENABLE_OBJC_WEAK = YES;
				CLANG_WARN_BLOCK_CAPTURE_AUTORELEASING = YES;
				CLANG_WARN_BOOL_CONVERSION = YES;
				CLANG_WARN_COMMA = YES;
				CLANG_WARN_CONSTANT_CONVERSION = YES;
				CLANG_WARN_DEPRECATED_OBJC_IMPLEMENTATIONS = YES;
				CLANG_WARN_DIRECT_OBJC_ISA_USAGE = YES_ERROR;
				CLANG_WARN_DOCUMENTATION_COMMENTS = YES;
				CLANG_WARN_EMPTY_BODY = YES;
				CLANG_WARN_ENUM_CONVERSION = YES;
				CLANG_WARN_INFINITE_RECURSION = YES;
				CLANG_WARN_INT_CONVERSION = YES;
				CLANG_WARN_NON_LITERAL_NULL_CONVERSION = YES;
				CLANG_WARN_OBJC_IMPLICIT_RETAIN_SELF = YES;
				CLANG_WARN_OBJC_LITERAL_CONVERSION = YES;
				CLANG_WARN_OBJC_ROOT_CLASS = YES_ERROR;
				CLANG_WARN_RANGE_LOOP_ANALYSIS = YES;
				CLANG_WARN_STRICT_PROTOTYPES = YES;
				CLANG_WARN_SUSPICIOUS_MOVE = YES;
				CLANG_WARN_UNGUARDED_AVAILABILITY = YES_AGGRESSIVE;
				CLANG_WARN_UNREACHABLE_CODE = YES;
				CLANG_WARN__DUPLICATE_METHOD_MATCH = YES;
				COPY_PHASE_STRIP = NO;
				DEBUG_INFORMATION_FORMAT = "dwarf-with-dsym";
				ENABLE_NS_ASSERTIONS = NO;
				ENABLE_STRICT_OBJC_MSGSEND = YES;
				GCC_C_LANGUAGE_STANDARD = gnu11;
				GCC_NO_COMMON_BLOCKS = YES;
				GCC_WARN_64_TO_32_BIT_CONVERSION = YES;
				GCC_WARN_ABOUT_RETURN_TYPE = YES_ERROR;
				GCC_WARN_UNDECLARED_SELECTOR = YES;
				GCC_WARN_UNINITIALIZED_AUTOS = YES_AGGRESSIVE;
				GCC_WARN_UNUSED_FUNCTION = YES;
				GCC_WARN_UNUSED_VARIABLE = YES;
				IPHONEOS_DEPLOYMENT_TARGET = 13.2;
				MTL_ENABLE_DEBUG_INFO = NO;
				MTL_FAST_MATH = YES;
				SDKROOT = iphoneos;
				SWIFT_COMPILATION_MODE = wholemodule;
				SWIFT_OPTIMIZATION_LEVEL = "-O";
				VALIDATE_PRODUCT = YES;
			};
			name = Release;
		};
		91E99B8523A849230038DAEA /* Debug */ = {
			isa = XCBuildConfiguration;
			buildSettings = {
				ASSETCATALOG_COMPILER_APPICON_NAME = AppIcon;
				CODE_SIGN_STYLE = Automatic;
				INFOPLIST_FILE = Sample/Info.plist;
				LD_RUNPATH_SEARCH_PATHS = (
					"$(inherited)",
					"@executable_path/Frameworks",
				);
				PRODUCT_BUNDLE_IDENTIFIER = frenzyapps.Sample;
				PRODUCT_NAME = "$(TARGET_NAME)";
				SWIFT_VERSION = 5.0;
				TARGETED_DEVICE_FAMILY = "1,2";
			};
			name = Debug;
		};
		91E99B8623A849230038DAEA /* Release */ = {
			isa = XCBuildConfiguration;
			buildSettings = {
				ASSETCATALOG_COMPILER_APPICON_NAME = AppIcon;
				CODE_SIGN_STYLE = Automatic;
				INFOPLIST_FILE = Sample/Info.plist;
				LD_RUNPATH_SEARCH_PATHS = (
					"$(inherited)",
					"@executable_path/Frameworks",
				);
				PRODUCT_BUNDLE_IDENTIFIER = frenzyapps.Sample;
				PRODUCT_NAME = "$(TARGET_NAME)";
				SWIFT_VERSION = 5.0;
				TARGETED_DEVICE_FAMILY = "1,2";
			};
			name = Release;
		};
		91E99B8823A849230038DAEA /* Debug */ = {
			isa = XCBuildConfiguration;
			buildSettings = {
				ALWAYS_EMBED_SWIFT_STANDARD_LIBRARIES = YES;
				BUNDLE_LOADER = "$(TEST_HOST)";
				CLANG_ENABLE_MODULES = YES;
				CODE_SIGN_STYLE = Automatic;
				INFOPLIST_FILE = SampleTests/Info.plist;
				IPHONEOS_DEPLOYMENT_TARGET = 13.2;
				LD_RUNPATH_SEARCH_PATHS = (
					"$(inherited)",
					"@executable_path/Frameworks",
					"@loader_path/Frameworks",
				);
				PRODUCT_BUNDLE_IDENTIFIER = frenzyapps.SampleTests;
				PRODUCT_NAME = "$(TARGET_NAME)";
				SWIFT_OBJC_BRIDGING_HEADER = "SampleTests/SampleTests-Bridging-Header.h";
				SWIFT_OPTIMIZATION_LEVEL = "-Onone";
				SWIFT_VERSION = 5.0;
				TARGETED_DEVICE_FAMILY = "1,2";
				TEST_HOST = "$(BUILT_PRODUCTS_DIR)/Sample.app/Sample";
			};
			name = Debug;
		};
		91E99B8923A849230038DAEA /* Release */ = {
			isa = XCBuildConfiguration;
			buildSettings = {
				ALWAYS_EMBED_SWIFT_STANDARD_LIBRARIES = YES;
				BUNDLE_LOADER = "$(TEST_HOST)";
				CLANG_ENABLE_MODULES = YES;
				CODE_SIGN_STYLE = Automatic;
				INFOPLIST_FILE = SampleTests/Info.plist;
				IPHONEOS_DEPLOYMENT_TARGET = 13.2;
				LD_RUNPATH_SEARCH_PATHS = (
					"$(inherited)",
					"@executable_path/Frameworks",
					"@loader_path/Frameworks",
				);
				PRODUCT_BUNDLE_IDENTIFIER = frenzyapps.SampleTests;
				PRODUCT_NAME = "$(TARGET_NAME)";
				SWIFT_OBJC_BRIDGING_HEADER = "SampleTests/SampleTests-Bridging-Header.h";
				SWIFT_VERSION = 5.0;
				TARGETED_DEVICE_FAMILY = "1,2";
				TEST_HOST = "$(BUILT_PRODUCTS_DIR)/Sample.app/Sample";
			};
			name = Release;
		};
/* End XCBuildConfiguration section */

/* Begin XCConfigurationList section */
		91E99B6023A849210038DAEA /* Build configuration list for PBXProject "Sample" */ = {
			isa = XCConfigurationList;
			buildConfigurations = (
				91E99B8223A849230038DAEA /* Debug */,
				91E99B8323A849230038DAEA /* Release */,
			);
			defaultConfigurationIsVisible = 0;
			defaultConfigurationName = Release;
		};
		91E99B8423A849230038DAEA /* Build configuration list for PBXNativeTarget "Sample" */ = {
			isa = XCConfigurationList;
			buildConfigurations = (
				91E99B8523A849230038DAEA /* Debug */,
				91E99B8623A849230038DAEA /* Release */,
			);
			defaultConfigurationIsVisible = 0;
			defaultConfigurationName = Release;
		};
		91E99B8723A849230038DAEA /* Build configuration list for PBXNativeTarget "SampleTests" */ = {
			isa = XCConfigurationList;
			buildConfigurations = (
				91E99B8823A849230038DAEA /* Debug */,
				91E99B8923A849230038DAEA /* Release */,
			);
			defaultConfigurationIsVisible = 0;
			defaultConfigurationName = Release;
		};
/* End XCConfigurationList section */

/* Begin XCSwiftPackageProductDependency section */
		91CFF11823AAE0A000DEF97D /* GridLayout */ = {
			isa = XCSwiftPackageProductDependency;
			productName = GridLayout;
		};
/* End XCSwiftPackageProductDependency section */
	};
	rootObject = 91E99B5D23A849210038DAEA /* Project object */;
}
