PODS:
  - KIF (3.6.0):
    - KIF/Core (= 3.6.0)
  - KIF/Core (3.6.0)

DEPENDENCIES:
  - KIF

SPEC REPOS:
  https://github.com/cocoapods/specs.git:
    - KIF

SPEC CHECKSUMS:
  KIF: bd770edd8ce49bc7308501e4871e58a02d137be3

PODFILE CHECKSUM: c07f75d4c50ee64bd6bbc12df5ce5f637b5ef358

COCOAPODS: 1.5.3
